
Microsoft Visual Studio Solution File, Format Version 12.00
# Visual Studio Version 17
VisualStudioVersion = 17.5.33516.290
MinimumVisualStudioVersion = 10.0.40219.1
Project("{FAE04EC0-301F-11D3-BF4B-00C04F79EFBC}") = "cGallegosS6.Android", "cGallegosS6.Android\cGallegosS6.Android.csproj", "{77A0480F-2292-47A1-95AA-152762574210}"
EndProject
Project("{FAE04EC0-301F-11D3-BF4B-00C04F79EFBC}") = "cGallegosS6.iOS", "cGallegosS6.iOS\cGallegosS6.iOS.csproj", "{61E7900A-64D6-4872-A4AD-EB60C02B0BC7}"
EndProject
Project("{FAE04EC0-301F-11D3-BF4B-00C04F79EFBC}") = "cGallegosS6", "cGallegosS6\cGallegosS6.csproj", "{593F7EC4-7480-4912-91DA-D2EBBF30884F}"
EndProject
Global
	GlobalSection(SolutionConfigurationPlatforms) = preSolution
		Debug|Any CPU = Debug|Any CPU
		Debug|iPhone = Debug|iPhone
		Debug|iPhoneSimulator = Debug|iPhoneSimulator
		Release|Any CPU = Release|Any CPU
		Release|iPhone = Release|iPhone
		Release|iPhoneSimulator = Release|iPhoneSimulator
	EndGlobalSection
	GlobalSection(ProjectConfigurationPlatforms) = postSolution
		{77A0480F-2292-47A1-95AA-152762574210}.Debug|Any CPU.ActiveCfg = Debug|Any CPU
		{77A0480F-2292-47A1-95AA-152762574210}.Debug|Any CPU.Build.0 = Debug|Any CPU
		{77A0480F-2292-47A1-95AA-152762574210}.Debug|Any CPU.Deploy.0 = Debug|Any CPU
		{77A0480F-2292-47A1-95AA-152762574210}.Debug|iPhone.ActiveCfg = Debug|Any CPU
		{77A0480F-2292-47A1-95AA-152762574210}.Debug|iPhone.Build.0 = Debug|Any CPU
		{77A0480F-2292-47A1-95AA-152762574210}.Debug|iPhone.Deploy.0 = Debug|Any CPU
		{77A0480F-2292-47A1-95AA-152762574210}.Debug|iPhoneSimulator.ActiveCfg = Debug|Any CPU
		{77A0480F-2292-47A1-95AA-152762574210}.Debug|iPhoneSimulator.Build.0 = Debug|Any CPU
		{77A0480F-2292-47A1-95AA-152762574210}.Debug|iPhoneSimulator.Deploy.0 = Debug|Any CPU
		{77A0480F-2292-47A1-95AA-152762574210}.Release|Any CPU.ActiveCfg = Release|Any CPU
		{77A0480F-2292-47A1-95AA-152762574210}.Release|Any CPU.Build.0 = Release|Any CPU
		{77A0480F-2292-47A1-95AA-152762574210}.Release|Any CPU.Deploy.0 = Release|Any CPU
		{77A0480F-2292-47A1-95AA-152762574210}.Release|iPhone.ActiveCfg = Release|Any CPU
		{77A0480F-2292-47A1-95AA-152762574210}.Release|iPhone.Build.0 = Release|Any CPU
		{77A0480F-2292-47A1-95AA-152762574210}.Release|iPhone.Deploy.0 = Release|Any CPU
		{77A0480F-2292-47A1-95AA-152762574210}.Release|iPhoneSimulator.ActiveCfg = Release|Any CPU
		{77A0480F-2292-47A1-95AA-152762574210}.Release|iPhoneSimulator.Build.0 = Release|Any CPU
		{77A0480F-2292-47A1-95AA-152762574210}.Release|iPhoneSimulator.Deploy.0 = Release|Any CPU
		{61E7900A-64D6-4872-A4AD-EB60C02B0BC7}.Debug|Any CPU.ActiveCfg = Debug|iPhone
		{61E7900A-64D6-4872-A4AD-EB60C02B0BC7}.Debug|Any CPU.Build.0 = Debug|iPhone
		{61E7900A-64D6-4872-A4AD-EB60C02B0BC7}.Debug|Any CPU.Deploy.0 = Debug|iPhone
		{61E7900A-64D6-4872-A4AD-EB60C02B0BC7}.Debug|iPhone.ActiveCfg = Debug|iPhone
		{61E7900A-64D6-4872-A4AD-EB60C02B0BC7}.Debug|iPhone.Build.0 = Debug|iPhone
		{61E7900A-64D6-4872-A4AD-EB60C02B0BC7}.Debug|iPhone.Deploy.0 = Debug|iPhone
		{61E7900A-64D6-4872-A4AD-EB60C02B0BC7}.Debug|iPhoneSimulator.ActiveCfg = Debug|iPhoneSimulator
		{61E7900A-64D6-4872-A4AD-EB60C02B0BC7}.Debug|iPhoneSimulator.Build.0 = Debug|iPhoneSimulator
		{61E7900A-64D6-4872-A4AD-EB60C02B0BC7}.Debug|iPhoneSimulator.Deploy.0 = Debug|iPhoneSimulator
		{61E7900A-64D6-4872-A4AD-EB60C02B0BC7}.Release|Any CPU.ActiveCfg = Release|iPhoneSimulator
		{61E7900A-64D6-4872-A4AD-EB60C02B0BC7}.Release|Any CPU.Build.0 = Release|iPhoneSimulator
		{61E7900A-64D6-4872-A4AD-EB60C02B0BC7}.Release|Any CPU.Deploy.0 = Release|iPhoneSimulator
		{61E7900A-64D6-4872-A4AD-EB60C02B0BC7}.Release|iPhone.ActiveCfg = Release|iPhone
		{61E7900A-64D6-4872-A4AD-EB60C02B0BC7}.Release|iPhone.Build.0 = Release|iPhone
		{61E7900A-64D6-4872-A4AD-EB60C02B0BC7}.Release|iPhone.Deploy.0 = Release|iPhone
		{61E7900A-64D6-4872-A4AD-EB60C02B0BC7}.Release|iPhoneSimulator.ActiveCfg = Release|iPhoneSimulator
		{61E7900A-64D6-4872-A4AD-EB60C02B0BC7}.Release|iPhoneSimulator.Build.0 = Release|iPhoneSimulator
		{61E7900A-64D6-4872-A4AD-EB60C02B0BC7}.Release|iPhoneSimulator.Deploy.0 = Release|iPhoneSimulator
		{593F7EC4-7480-4912-91DA-D2EBBF30884F}.Debug|Any CPU.ActiveCfg = Debug|Any CPU
		{593F7EC4-7480-4912-91DA-D2EBBF30884F}.Debug|Any CPU.Build.0 = Debug|Any CPU
		{593F7EC4-7480-4912-91DA-D2EBBF30884F}.Debug|Any CPU.Deploy.0 = Debug|Any CPU
		{593F7EC4-7480-4912-91DA-D2EBBF30884F}.Debug|iPhone.ActiveCfg = Debug|Any CPU
		{593F7EC4-7480-4912-91DA-D2EBBF30884F}.Debug|iPhone.Build.0 = Debug|Any CPU
		{593F7EC4-7480-4912-91DA-D2EBBF30884F}.Debug|iPhone.Deploy.0 = Debug|Any CPU
		{593F7EC4-7480-4912-91DA-D2EBBF30884F}.Debug|iPhoneSimulator.ActiveCfg = Debug|Any CPU
		{593F7EC4-7480-4912-91DA-D2EBBF30884F}.Debug|iPhoneSimulator.Build.0 = Debug|Any CPU
		{593F7EC4-7480-4912-91DA-D2EBBF30884F}.Debug|iPhoneSimulator.Deploy.0 = Debug|Any CPU
		{593F7EC4-7480-4912-91DA-D2EBBF30884F}.Release|Any CPU.ActiveCfg = Release|Any CPU
		{593F7EC4-7480-4912-91DA-D2EBBF30884F}.Release|Any CPU.Build.0 = Release|Any CPU
		{593F7EC4-7480-4912-91DA-D2EBBF30884F}.Release|Any CPU.Deploy.0 = Release|Any CPU
		{593F7EC4-7480-4912-91DA-D2EBBF30884F}.Release|iPhone.ActiveCfg = Release|Any CPU
		{593F7EC4-7480-4912-91DA-D2EBBF30884F}.Release|iPhone.Build.0 = Release|Any CPU
		{593F7EC4-7480-4912-91DA-D2EBBF30884F}.Release|iPhone.Deploy.0 = Release|Any CPU
		{593F7EC4-7480-4912-91DA-D2EBBF30884F}.Release|iPhoneSimulator.ActiveCfg = Release|Any CPU
		{593F7EC4-7480-4912-91DA-D2EBBF30884F}.Release|iPhoneSimulator.Build.0 = Release|Any CPU
		{593F7EC4-7480-4912-91DA-D2EBBF30884F}.Release|iPhoneSimulator.Deploy.0 = Release|Any CPU
	EndGlobalSection
	GlobalSection(SolutionProperties) = preSolution
		HideSolutionNode = FALSE
	EndGlobalSection
	GlobalSection(ExtensibilityGlobals) = postSolution
		SolutionGuid = {CD8A31CB-2656-4DE9-B8C8-AF3DD10B9728}
	EndGlobalSection
EndGlobal
